// !$*UTF8*$!
{
	archiveVersion = 1;
	classes = {
	};
	objectVersion = 50;
	objects = {

/* Begin PBXBuildFile section */
		4266171223EB6832008CB062 /* AppDelegate.swift in Sources */ = {isa = PBXBuildFile; fileRef = 4266171123EB6832008CB062 /* AppDelegate.swift */; };
		4266171623EB6832008CB062 /* ViewController.swift in Sources */ = {isa = PBXBuildFile; fileRef = 4266171523EB6832008CB062 /* ViewController.swift */; };
		4266171923EB6832008CB062 /* Main.storyboard in Resources */ = {isa = PBXBuildFile; fileRef = 4266171723EB6832008CB062 /* Main.storyboard */; };
		4266171B23EB6833008CB062 /* Assets.xcassets in Resources */ = {isa = PBXBuildFile; fileRef = 4266171A23EB6833008CB062 /* Assets.xcassets */; };
		4266171E23EB6833008CB062 /* LaunchScreen.storyboard in Resources */ = {isa = PBXBuildFile; fileRef = 4266171C23EB6833008CB062 /* LaunchScreen.storyboard */; };
		4266172723EB6946008CB062 /* Tracery.framework in Frameworks */ = {isa = PBXBuildFile; fileRef = 4266172623EB6946008CB062 /* Tracery.framework */; };
		4266172823EB6946008CB062 /* Tracery.framework in Embed Frameworks */ = {isa = PBXBuildFile; fileRef = 4266172623EB6946008CB062 /* Tracery.framework */; settings = {ATTRIBUTES = (CodeSignOnCopy, RemoveHeadersOnCopy, ); }; };
		49CDB8F723EC1BA5008010FE /* ResizeImage.swift in Sources */ = {isa = PBXBuildFile; fileRef = 49CDB8F123EC1BA4008010FE /* ResizeImage.swift */; };
		49CDB8F823EC1BA5008010FE /* StartsWIthVowel.swift in Sources */ = {isa = PBXBuildFile; fileRef = 49CDB8F223EC1BA4008010FE /* StartsWIthVowel.swift */; };
		49CDB8F923EC1BA5008010FE /* UIView_Ext.swift in Sources */ = {isa = PBXBuildFile; fileRef = 49CDB8F323EC1BA5008010FE /* UIView_Ext.swift */; };
		49CDB8FA23EC1BA5008010FE /* AdjustFont.swift in Sources */ = {isa = PBXBuildFile; fileRef = 49CDB8F423EC1BA5008010FE /* AdjustFont.swift */; };
		49CDB8FB23EC1BA5008010FE /* LabelAnimation.swift in Sources */ = {isa = PBXBuildFile; fileRef = 49CDB8F523EC1BA5008010FE /* LabelAnimation.swift */; };
		49CDB8FC23EC1BA5008010FE /* CharacterExtension.swift in Sources */ = {isa = PBXBuildFile; fileRef = 49CDB8F623EC1BA5008010FE /* CharacterExtension.swift */; };
		49CDB8FE23EC1BFF008010FE /* Resnet50.mlmodel in Sources */ = {isa = PBXBuildFile; fileRef = 49CDB8FD23EC1BFF008010FE /* Resnet50.mlmodel */; };
/* End PBXBuildFile section */

/* Begin PBXCopyFilesBuildPhase section */
		4266172923EB6946008CB062 /* Embed Frameworks */ = {
			isa = PBXCopyFilesBuildPhase;
			buildActionMask = 2147483647;
			dstPath = "";
			dstSubfolderSpec = 10;
			files = (
				4266172823EB6946008CB062 /* Tracery.framework in Embed Frameworks */,
			);
			name = "Embed Frameworks";
			runOnlyForDeploymentPostprocessing = 0;
		};
/* End PBXCopyFilesBuildPhase section */

/* Begin PBXFileReference section */
		4266170E23EB6832008CB062 /* Tell Me What You See.app */ = {isa = PBXFileReference; explicitFileType = wrapper.application; includeInIndex = 0; path = "Tell Me What You See.app"; sourceTree = BUILT_PRODUCTS_DIR; };
		4266171123EB6832008CB062 /* AppDelegate.swift */ = {isa = PBXFileReference; lastKnownFileType = sourcecode.swift; path = AppDelegate.swift; sourceTree = "<group>"; };
		4266171523EB6832008CB062 /* ViewController.swift */ = {isa = PBXFileReference; lastKnownFileType = sourcecode.swift; path = ViewController.swift; sourceTree = "<group>"; };
		4266171823EB6832008CB062 /* Base */ = {isa = PBXFileReference; lastKnownFileType = file.storyboard; name = Base; path = Base.lproj/Main.storyboard; sourceTree = "<group>"; };
		4266171A23EB6833008CB062 /* Assets.xcassets */ = {isa = PBXFileReference; lastKnownFileType = folder.assetcatalog; path = Assets.xcassets; sourceTree = "<group>"; };
		4266171D23EB6833008CB062 /* Base */ = {isa = PBXFileReference; lastKnownFileType = file.storyboard; name = Base; path = Base.lproj/LaunchScreen.storyboard; sourceTree = "<group>"; };
		4266171F23EB6833008CB062 /* Info.plist */ = {isa = PBXFileReference; lastKnownFileType = text.plist.xml; path = Info.plist; sourceTree = "<group>"; };
		4266172623EB6946008CB062 /* Tracery.framework */ = {isa = PBXFileReference; lastKnownFileType = wrapper.framework; name = Tracery.framework; path = Carthage/Build/iOS/Tracery.framework; sourceTree = "<group>"; };
		4266172C23EB6A13008CB062 /* Tracery.framework */ = {isa = PBXFileReference; lastKnownFileType = wrapper.framework; name = Tracery.framework; path = Carthage/Build/iOS/Tracery.framework; sourceTree = "<group>"; };
		49CDB8F123EC1BA4008010FE /* ResizeImage.swift */ = {isa = PBXFileReference; fileEncoding = 4; lastKnownFileType = sourcecode.swift; path = ResizeImage.swift; sourceTree = "<group>"; };
		49CDB8F223EC1BA4008010FE /* StartsWIthVowel.swift */ = {isa = PBXFileReference; fileEncoding = 4; lastKnownFileType = sourcecode.swift; path = StartsWIthVowel.swift; sourceTree = "<group>"; };
		49CDB8F323EC1BA5008010FE /* UIView_Ext.swift */ = {isa = PBXFileReference; fileEncoding = 4; lastKnownFileType = sourcecode.swift; path = UIView_Ext.swift; sourceTree = "<group>"; };
		49CDB8F423EC1BA5008010FE /* AdjustFont.swift */ = {isa = PBXFileReference; fileEncoding = 4; lastKnownFileType = sourcecode.swift; path = AdjustFont.swift; sourceTree = "<group>"; };
		49CDB8F523EC1BA5008010FE /* LabelAnimation.swift */ = {isa = PBXFileReference; fileEncoding = 4; lastKnownFileType = sourcecode.swift; path = LabelAnimation.swift; sourceTree = "<group>"; };
		49CDB8F623EC1BA5008010FE /* CharacterExtension.swift */ = {isa = PBXFileReference; fileEncoding = 4; lastKnownFileType = sourcecode.swift; path = CharacterExtension.swift; sourceTree = "<group>"; };
		49CDB8FD23EC1BFF008010FE /* Resnet50.mlmodel */ = {isa = PBXFileReference; lastKnownFileType = file.mlmodel; path = Resnet50.mlmodel; sourceTree = "<group>"; };
/* End PBXFileReference section */

/* Begin PBXFrameworksBuildPhase section */
		4266170B23EB6832008CB062 /* Frameworks */ = {
			isa = PBXFrameworksBuildPhase;
			buildActionMask = 2147483647;
			files = (
				4266172723EB6946008CB062 /* Tracery.framework in Frameworks */,
			);
			runOnlyForDeploymentPostprocessing = 0;
		};
/* End PBXFrameworksBuildPhase section */

/* Begin PBXGroup section */
		4266170523EB6832008CB062 = {
			isa = PBXGroup;
			children = (
				4266172C23EB6A13008CB062 /* Tracery.framework */,
				4266171023EB6832008CB062 /* Tell Me What You See */,
				4266170F23EB6832008CB062 /* Products */,
				4266172523EB6946008CB062 /* Frameworks */,
			);
			sourceTree = "<group>";
		};
		4266170F23EB6832008CB062 /* Products */ = {
			isa = PBXGroup;
			children = (
				4266170E23EB6832008CB062 /* Tell Me What You See.app */,
			);
			name = Products;
			sourceTree = "<group>";
		};
		4266171023EB6832008CB062 /* Tell Me What You See */ = {
			isa = PBXGroup;
			children = (
				49CDB8FD23EC1BFF008010FE /* Resnet50.mlmodel */,
				49CDB8F023EC1B8B008010FE /* Extensions */,
				4266171123EB6832008CB062 /* AppDelegate.swift */,
				4266171523EB6832008CB062 /* ViewController.swift */,
				4266171723EB6832008CB062 /* Main.storyboard */,
				4266171A23EB6833008CB062 /* Assets.xcassets */,
				4266171C23EB6833008CB062 /* LaunchScreen.storyboard */,
				4266171F23EB6833008CB062 /* Info.plist */,
			);
			path = "Tell Me What You See";
			sourceTree = "<group>";
		};
		4266172523EB6946008CB062 /* Frameworks */ = {
			isa = PBXGroup;
			children = (
				4266172623EB6946008CB062 /* Tracery.framework */,
			);
			name = Frameworks;
			sourceTree = "<group>";
		};
		49CDB8F023EC1B8B008010FE /* Extensions */ = {
			isa = PBXGroup;
			children = (
				49CDB8F423EC1BA5008010FE /* AdjustFont.swift */,
				49CDB8F623EC1BA5008010FE /* CharacterExtension.swift */,
				49CDB8F523EC1BA5008010FE /* LabelAnimation.swift */,
				49CDB8F123EC1BA4008010FE /* ResizeImage.swift */,
				49CDB8F223EC1BA4008010FE /* StartsWIthVowel.swift */,
				49CDB8F323EC1BA5008010FE /* UIView_Ext.swift */,
			);
			path = Extensions;
			sourceTree = "<group>";
		};
/* End PBXGroup section */

/* Begin PBXNativeTarget section */
		4266170D23EB6832008CB062 /* Tell Me What You See */ = {
			isa = PBXNativeTarget;
			buildConfigurationList = 4266172223EB6833008CB062 /* Build configuration list for PBXNativeTarget "Tell Me What You See" */;
			buildPhases = (
				4266170A23EB6832008CB062 /* Sources */,
				4266170B23EB6832008CB062 /* Frameworks */,
				4266170C23EB6832008CB062 /* Resources */,
				4266172923EB6946008CB062 /* Embed Frameworks */,
				4266172A23EB695C008CB062 /* ShellScript */,
			);
			buildRules = (
			);
			dependencies = (
			);
			name = "Tell Me What You See";
			productName = "Tell Me What You See";
			productReference = 4266170E23EB6832008CB062 /* Tell Me What You See.app */;
			productType = "com.apple.product-type.application";
		};
/* End PBXNativeTarget section */

/* Begin PBXProject section */
		4266170623EB6832008CB062 /* Project object */ = {
			isa = PBXProject;
			attributes = {
				LastSwiftUpdateCheck = 1130;
				LastUpgradeCheck = 1130;
				ORGANIZATIONNAME = "Miguel Sicart";
				TargetAttributes = {
					4266170D23EB6832008CB062 = {
						CreatedOnToolsVersion = 11.3.1;
					};
				};
			};
			buildConfigurationList = 4266170923EB6832008CB062 /* Build configuration list for PBXProject "Tell Me What You See" */;
			compatibilityVersion = "Xcode 9.3";
			developmentRegion = en;
			hasScannedForEncodings = 0;
			knownRegions = (
				en,
				Base,
			);
			mainGroup = 4266170523EB6832008CB062;
			productRefGroup = 4266170F23EB6832008CB062 /* Products */;
			projectDirPath = "";
			projectRoot = "";
			targets = (
				4266170D23EB6832008CB062 /* Tell Me What You See */,
			);
		};
/* End PBXProject section */

/* Begin PBXResourcesBuildPhase section */
		4266170C23EB6832008CB062 /* Resources */ = {
			isa = PBXResourcesBuildPhase;
			buildActionMask = 2147483647;
			files = (
				4266171E23EB6833008CB062 /* LaunchScreen.storyboard in Resources */,
				4266171B23EB6833008CB062 /* Assets.xcassets in Resources */,
				4266171923EB6832008CB062 /* Main.storyboard in Resources */,
			);
			runOnlyForDeploymentPostprocessing = 0;
		};
/* End PBXResourcesBuildPhase section */

/* Begin PBXShellScriptBuildPhase section */
		4266172A23EB695C008CB062 /* ShellScript */ = {
			isa = PBXShellScriptBuildPhase;
			buildActionMask = 8;
			files = (
			);
			inputFileListPaths = (
			);
			inputPaths = (
				"$(SRCROOT)/Carthage/Build/iOS/Tracery.framework",
			);
			outputFileListPaths = (
			);
			outputPaths = (
			);
			runOnlyForDeploymentPostprocessing = 1;
			shellPath = /bin/sh;
			shellScript = "/usr/local/bin/carthage copy-frameworks\n";
		};
/* End PBXShellScriptBuildPhase section */

/* Begin PBXSourcesBuildPhase section */
		4266170A23EB6832008CB062 /* Sources */ = {
			isa = PBXSourcesBuildPhase;
			buildActionMask = 2147483647;
			files = (
				49CDB8FE23EC1BFF008010FE /* Resnet50.mlmodel in Sources */,
				49CDB8F923EC1BA5008010FE /* UIView_Ext.swift in Sources */,
				49CDB8FA23EC1BA5008010FE /* AdjustFont.swift in Sources */,
				4266171623EB6832008CB062 /* ViewController.swift in Sources */,
				49CDB8FC23EC1BA5008010FE /* CharacterExtension.swift in Sources */,
				49CDB8F723EC1BA5008010FE /* ResizeImage.swift in Sources */,
				4266171223EB6832008CB062 /* AppDelegate.swift in Sources */,
				49CDB8F823EC1BA5008010FE /* StartsWIthVowel.swift in Sources */,
				49CDB8FB23EC1BA5008010FE /* LabelAnimation.swift in Sources */,
			);
			runOnlyForDeploymentPostprocessing = 0;
		};
/* End PBXSourcesBuildPhase section */

/* Begin PBXVariantGroup section */
		4266171723EB6832008CB062 /* Main.storyboard */ = {
			isa = PBXVariantGroup;
			children = (
				4266171823EB6832008CB062 /* Base */,
			);
			name = Main.storyboard;
			sourceTree = "<group>";
		};
		4266171C23EB6833008CB062 /* LaunchScreen.storyboard */ = {
			isa = PBXVariantGroup;
			children = (
				4266171D23EB6833008CB062 /* Base */,
			);
			name = LaunchScreen.storyboard;
			sourceTree = "<group>";
		};
/* End PBXVariantGroup section */

/* Begin XCBuildConfiguration section */
		4266172023EB6833008CB062 /* Debug */ = {
			isa = XCBuildConfiguration;
			buildSettings = {
				ALWAYS_SEARCH_USER_PATHS = NO;
				CLANG_ANALYZER_NONNULL = YES;
				CLANG_ANALYZER_NUMBER_OBJECT_CONVERSION = YES_AGGRESSIVE;
				CLANG_CXX_LANGUAGE_STANDARD = "gnu++14";
				CLANG_CXX_LIBRARY = "libc++";
				CLANG_ENABLE_MODULES = YES;
				CLANG_ENABLE_OBJC_ARC = YES;
				CLANG_ENABLE_OBJC_WEAK = YES;
				CLANG_WARN_BLOCK_CAPTURE_AUTORELEASING = YES;
				CLANG_WARN_BOOL_CONVERSION = YES;
				CLANG_WARN_COMMA = YES;
				CLANG_WARN_CONSTANT_CONVERSION = YES;
				CLANG_WARN_DEPRECATED_OBJC_IMPLEMENTATIONS = YES;
				CLANG_WARN_DIRECT_OBJC_ISA_USAGE = YES_ERROR;
				CLANG_WARN_DOCUMENTATION_COMMENTS = YES;
				CLANG_WARN_EMPTY_BODY = YES;
				CLANG_WARN_ENUM_CONVERSION = YES;
				CLANG_WARN_INFINITE_RECURSION = YES;
				CLANG_WARN_INT_CONVERSION = YES;
				CLANG_WARN_NON_LITERAL_NULL_CONVERSION = YES;
				CLANG_WARN_OBJC_IMPLICIT_RETAIN_SELF = YES;
				CLANG_WARN_OBJC_LITERAL_CONVERSION = YES;
				CLANG_WARN_OBJC_ROOT_CLASS = YES_ERROR;
				CLANG_WARN_RANGE_LOOP_ANALYSIS = YES;
				CLANG_WARN_STRICT_PROTOTYPES = YES;
				CLANG_WARN_SUSPICIOUS_MOVE = YES;
				CLANG_WARN_UNGUARDED_AVAILABILITY = YES_AGGRESSIVE;
				CLANG_WARN_UNREACHABLE_CODE = YES;
				CLANG_WARN__DUPLICATE_METHOD_MATCH = YES;
				COPY_PHASE_STRIP = NO;
				DEBUG_INFORMATION_FORMAT = dwarf;
				ENABLE_STRICT_OBJC_MSGSEND = YES;
				ENABLE_TESTABILITY = YES;
				GCC_C_LANGUAGE_STANDARD = gnu11;
				GCC_DYNAMIC_NO_PIC = NO;
				GCC_NO_COMMON_BLOCKS = YES;
				GCC_OPTIMIZATION_LEVEL = 0;
				GCC_PREPROCESSOR_DEFINITIONS = (
					"DEBUG=1",
					"$(inherited)",
				);
				GCC_WARN_64_TO_32_BIT_CONVERSION = YES;
				GCC_WARN_ABOUT_RETURN_TYPE = YES_ERROR;
				GCC_WARN_UNDECLARED_SELECTOR = YES;
				GCC_WARN_UNINITIALIZED_AUTOS = YES_AGGRESSIVE;
				GCC_WARN_UNUSED_FUNCTION = YES;
				GCC_WARN_UNUSED_VARIABLE = YES;
				IPHONEOS_DEPLOYMENT_TARGET = 13.2;
				MTL_ENABLE_DEBUG_INFO = INCLUDE_SOURCE;
				MTL_FAST_MATH = YES;
				ONLY_ACTIVE_ARCH = YES;
				SDKROOT = iphoneos;
				SWIFT_ACTIVE_COMPILATION_CONDITIONS = DEBUG;
				SWIFT_OPTIMIZATION_LEVEL = "-Onone";
			};
			name = Debug;
		};
		4266172123EB6833008CB062 /* Release */ = {
			isa = XCBuildConfiguration;
			buildSettings = {
				ALWAYS_SEARCH_USER_PATHS = NO;
				CLANG_ANALYZER_NONNULL = YES;
				CLANG_ANALYZER_NUMBER_OBJECT_CONVERSION = YES_AGGRESSIVE;
				CLANG_CXX_LANGUAGE_STANDARD = "gnu++14";
				CLANG_CXX_LIBRARY = "libc++";
				CLANG_ENABLE_MODULES = YES;
				CLANG_ENABLE_OBJC_ARC = YES;
				CLANG_ENABLE_OBJC_WEAK = YES;
				CLANG_WARN_BLOCK_CAPTURE_AUTORELEASING = YES;
				CLANG_WARN_BOOL_CONVERSION = YES;
				CLANG_WARN_COMMA = YES;
				CLANG_WARN_CONSTANT_CONVERSION = YES;
				CLANG_WARN_DEPRECATED_OBJC_IMPLEMENTATIONS = YES;
				CLANG_WARN_DIRECT_OBJC_ISA_USAGE = YES_ERROR;
				CLANG_WARN_DOCUMENTATION_COMMENTS = YES;
				CLANG_WARN_EMPTY_BODY = YES;
				CLANG_WARN_ENUM_CONVERSION = YES;
				CLANG_WARN_INFINITE_RECURSION = YES;
				CLANG_WARN_INT_CONVERSION = YES;
				CLANG_WARN_NON_LITERAL_NULL_CONVERSION = YES;
				CLANG_WARN_OBJC_IMPLICIT_RETAIN_SELF = YES;
				CLANG_WARN_OBJC_LITERAL_CONVERSION = YES;
				CLANG_WARN_OBJC_ROOT_CLASS = YES_ERROR;
				CLANG_WARN_RANGE_LOOP_ANALYSIS = YES;
				CLANG_WARN_STRICT_PROTOTYPES = YES;
				CLANG_WARN_SUSPICIOUS_MOVE = YES;
				CLANG_WARN_UNGUARDED_AVAILABILITY = YES_AGGRESSIVE;
				CLANG_WARN_UNREACHABLE_CODE = YES;
				CLANG_WARN__DUPLICATE_METHOD_MATCH = YES;
				COPY_PHASE_STRIP = NO;
				DEBUG_INFORMATION_FORMAT = "dwarf-with-dsym";
				ENABLE_NS_ASSERTIONS = NO;
				ENABLE_STRICT_OBJC_MSGSEND = YES;
				GCC_C_LANGUAGE_STANDARD = gnu11;
				GCC_NO_COMMON_BLOCKS = YES;
				GCC_WARN_64_TO_32_BIT_CONVERSION = YES;
				GCC_WARN_ABOUT_RETURN_TYPE = YES_ERROR;
				GCC_WARN_UNDECLARED_SELECTOR = YES;
				GCC_WARN_UNINITIALIZED_AUTOS = YES_AGGRESSIVE;
				GCC_WARN_UNUSED_FUNCTION = YES;
				GCC_WARN_UNUSED_VARIABLE = YES;
				IPHONEOS_DEPLOYMENT_TARGET = 13.2;
				MTL_ENABLE_DEBUG_INFO = NO;
				MTL_FAST_MATH = YES;
				SDKROOT = iphoneos;
				SWIFT_COMPILATION_MODE = wholemodule;
				SWIFT_OPTIMIZATION_LEVEL = "-O";
				VALIDATE_PRODUCT = YES;
			};
			name = Release;
		};
		4266172323EB6833008CB062 /* Debug */ = {
			isa = XCBuildConfiguration;
			buildSettings = {
				ASSETCATALOG_COMPILER_APPICON_NAME = AppIcon;
				CODE_SIGN_STYLE = Automatic;
				DEVELOPMENT_TEAM = NES4E5L6E8;
				FRAMEWORK_SEARCH_PATHS = (
					"$(inherited)",
					"$(PROJECT_DIR)/Carthage/Build/iOS",
				);
				INFOPLIST_FILE = "Tell Me What You See/Info.plist";
				LD_RUNPATH_SEARCH_PATHS = (
					"$(inherited)",
					"@executable_path/Frameworks",
				);
				PRODUCT_BUNDLE_IDENTIFIER = "software.ridiculous.Tell-Me-What-You-See";
				PRODUCT_NAME = "$(TARGET_NAME)";
				SWIFT_VERSION = 5.0;
				TARGETED_DEVICE_FAMILY = "1,2";
			};
			name = Debug;
		};
		4266172423EB6833008CB062 /* Release */ = {
			isa = XCBuildConfiguration;
			buildSettings = {
				ASSETCATALOG_COMPILER_APPICON_NAME = AppIcon;
				CODE_SIGN_STYLE = Automatic;
				DEVELOPMENT_TEAM = NES4E5L6E8;
				FRAMEWORK_SEARCH_PATHS = (
					"$(inherited)",
					"$(PROJECT_DIR)/Carthage/Build/iOS",
				);
				INFOPLIST_FILE = "Tell Me What You See/Info.plist";
				LD_RUNPATH_SEARCH_PATHS = (
					"$(inherited)",
					"@executable_path/Frameworks",
				);
				PRODUCT_BUNDLE_IDENTIFIER = "software.ridiculous.Tell-Me-What-You-See";
				PRODUCT_NAME = "$(TARGET_NAME)";
				SWIFT_VERSION = 5.0;
				TARGETED_DEVICE_FAMILY = "1,2";
			};
			name = Release;
		};
/* End XCBuildConfiguration section */

/* Begin XCConfigurationList section */
		4266170923EB6832008CB062 /* Build configuration list for PBXProject "Tell Me What You See" */ = {
			isa = XCConfigurationList;
			buildConfigurations = (
				4266172023EB6833008CB062 /* Debug */,
				4266172123EB6833008CB062 /* Release */,
			);
			defaultConfigurationIsVisible = 0;
			defaultConfigurationName = Release;
		};
		4266172223EB6833008CB062 /* Build configuration list for PBXNativeTarget "Tell Me What You See" */ = {
			isa = XCConfigurationList;
			buildConfigurations = (
				4266172323EB6833008CB062 /* Debug */,
				4266172423EB6833008CB062 /* Release */,
			);
			defaultConfigurationIsVisible = 0;
			defaultConfigurationName = Release;
		};
/* End XCConfigurationList section */
	};
	rootObject = 4266170623EB6832008CB062 /* Project object */;
}
